
Microsoft Visual Studio Solution File, Format Version 12.00
# Visual Studio 2013
VisualStudioVersion = 12.0.21005.1
MinimumVisualStudioVersion = 10.0.40219.1
Project("{8BC9CEB8-8B4A-11D0-8D11-00A0C91BC942}") = "BisonCalculator", "BisonCalculator.vcxproj", "{C8ADB35B-6918-41C9-8F25-8BF1360F4E1E}"
EndProject
Project("{8BC9CEB8-8B4A-11D0-8D11-00A0C91BC942}") = "Tests", "Tests\Tests.vcxproj", "{EEE0B2A8-1983-4B67-B879-C7CC376AF7F5}"
EndProject
Global
	GlobalSection(SolutionConfigurationPlatforms) = preSolution
		Debug|Win32 = Debug|Win32
		Release|Win32 = Release|Win32
	EndGlobalSection
	GlobalSection(ProjectConfigurationPlatforms) = postSolution
		{C8ADB35B-6918-41C9-8F25-8BF1360F4E1E}.Debug|Win32.ActiveCfg = Debug|Win32
		{C8ADB35B-6918-41C9-8F25-8BF1360F4E1E}.Debug|Win32.Build.0 = Debug|Win32
		{C8ADB35B-6918-41C9-8F25-8BF1360F4E1E}.Release|Win32.ActiveCfg = Release|Win32
		{C8ADB35B-6918-41C9-8F25-8BF1360F4E1E}.Release|Win32.Build.0 = Release|Win32
		{EEE0B2A8-1983-4B67-B879-C7CC376AF7F5}.Debug|Win32.ActiveCfg = Debug|Win32
		{EEE0B2A8-1983-4B67-B879-C7CC376AF7F5}.Debug|Win32.Build.0 = Debug|Win32
		{EEE0B2A8-1983-4B67-B879-C7CC376AF7F5}.Release|Win32.ActiveCfg = Release|Win32
		{EEE0B2A8-1983-4B67-B879-C7CC376AF7F5}.Release|Win32.Build.0 = Release|Win32
	EndGlobalSection
	GlobalSection(SolutionProperties) = preSolution
		HideSolutionNode = FALSE
	EndGlobalSection
EndGlobal
